// !$*UTF8*$!
{
	archiveVersion = 1;
	classes = {
	};
	objectVersion = 46;
	objects = {

/* Begin PBXBuildFile section */
		F2B56F871F2E316200FD6CCB /* AppDelegate.swift in Sources */ = {isa = PBXBuildFile; fileRef = F2B56F861F2E316200FD6CCB /* AppDelegate.swift */; };
		F2B56F891F2E316200FD6CCB /* ViewController.swift in Sources */ = {isa = PBXBuildFile; fileRef = F2B56F881F2E316200FD6CCB /* ViewController.swift */; };
		F2B56F8C1F2E316200FD6CCB /* Main.storyboard in Resources */ = {isa = PBXBuildFile; fileRef = F2B56F8A1F2E316200FD6CCB /* Main.storyboard */; };
		F2B56F8E1F2E316200FD6CCB /* Assets.xcassets in Resources */ = {isa = PBXBuildFile; fileRef = F2B56F8D1F2E316200FD6CCB /* Assets.xcassets */; };
		F2B56F911F2E316200FD6CCB /* LaunchScreen.storyboard in Resources */ = {isa = PBXBuildFile; fileRef = F2B56F8F1F2E316200FD6CCB /* LaunchScreen.storyboard */; };
		F2B56F9C1F2E316300FD6CCB /* POSITTests.swift in Sources */ = {isa = PBXBuildFile; fileRef = F2B56F9B1F2E316300FD6CCB /* POSITTests.swift */; };
		F2B56FA71F2E316300FD6CCB /* POSITUITests.swift in Sources */ = {isa = PBXBuildFile; fileRef = F2B56FA61F2E316300FD6CCB /* POSITUITests.swift */; };
/* End PBXBuildFile section */

/* Begin PBXContainerItemProxy section */
		F2B56F981F2E316300FD6CCB /* PBXContainerItemProxy */ = {
			isa = PBXContainerItemProxy;
			containerPortal = F2B56F7B1F2E316200FD6CCB /* Project object */;
			proxyType = 1;
			remoteGlobalIDString = F2B56F821F2E316200FD6CCB;
			remoteInfo = POSIT;
		};
		F2B56FA31F2E316300FD6CCB /* PBXContainerItemProxy */ = {
			isa = PBXContainerItemProxy;
			containerPortal = F2B56F7B1F2E316200FD6CCB /* Project object */;
			proxyType = 1;
			remoteGlobalIDString = F2B56F821F2E316200FD6CCB;
			remoteInfo = POSIT;
		};
/* End PBXContainerItemProxy section */

/* Begin PBXFileReference section */
		F2B56F831F2E316200FD6CCB /* POSIT.app */ = {isa = PBXFileReference; explicitFileType = wrapper.application; includeInIndex = 0; path = POSIT.app; sourceTree = BUILT_PRODUCTS_DIR; };
		F2B56F861F2E316200FD6CCB /* AppDelegate.swift */ = {isa = PBXFileReference; lastKnownFileType = sourcecode.swift; path = AppDelegate.swift; sourceTree = "<group>"; };
		F2B56F881F2E316200FD6CCB /* ViewController.swift */ = {isa = PBXFileReference; lastKnownFileType = sourcecode.swift; path = ViewController.swift; sourceTree = "<group>"; };
		F2B56F8B1F2E316200FD6CCB /* Base */ = {isa = PBXFileReference; lastKnownFileType = file.storyboard; name = Base; path = Base.lproj/Main.storyboard; sourceTree = "<group>"; };
		F2B56F8D1F2E316200FD6CCB /* Assets.xcassets */ = {isa = PBXFileReference; lastKnownFileType = folder.assetcatalog; path = Assets.xcassets; sourceTree = "<group>"; };
		F2B56F901F2E316200FD6CCB /* Base */ = {isa = PBXFileReference; lastKnownFileType = file.storyboard; name = Base; path = Base.lproj/LaunchScreen.storyboard; sourceTree = "<group>"; };
		F2B56F921F2E316200FD6CCB /* Info.plist */ = {isa = PBXFileReference; lastKnownFileType = text.plist.xml; path = Info.plist; sourceTree = "<group>"; };
		F2B56F971F2E316300FD6CCB /* POSITTests.xctest */ = {isa = PBXFileReference; explicitFileType = wrapper.cfbundle; includeInIndex = 0; path = POSITTests.xctest; sourceTree = BUILT_PRODUCTS_DIR; };
		F2B56F9B1F2E316300FD6CCB /* POSITTests.swift */ = {isa = PBXFileReference; lastKnownFileType = sourcecode.swift; path = POSITTests.swift; sourceTree = "<group>"; };
		F2B56F9D1F2E316300FD6CCB /* Info.plist */ = {isa = PBXFileReference; lastKnownFileType = text.plist.xml; path = Info.plist; sourceTree = "<group>"; };
		F2B56FA21F2E316300FD6CCB /* POSITUITests.xctest */ = {isa = PBXFileReference; explicitFileType = wrapper.cfbundle; includeInIndex = 0; path = POSITUITests.xctest; sourceTree = BUILT_PRODUCTS_DIR; };
		F2B56FA61F2E316300FD6CCB /* POSITUITests.swift */ = {isa = PBXFileReference; lastKnownFileType = sourcecode.swift; path = POSITUITests.swift; sourceTree = "<group>"; };
		F2B56FA81F2E316300FD6CCB /* Info.plist */ = {isa = PBXFileReference; lastKnownFileType = text.plist.xml; path = Info.plist; sourceTree = "<group>"; };
/* End PBXFileReference section */

/* Begin PBXFrameworksBuildPhase section */
		F2B56F801F2E316200FD6CCB /* Frameworks */ = {
			isa = PBXFrameworksBuildPhase;
			buildActionMask = 2147483647;
			files = (
			);
			runOnlyForDeploymentPostprocessing = 0;
		};
		F2B56F941F2E316300FD6CCB /* Frameworks */ = {
			isa = PBXFrameworksBuildPhase;
			buildActionMask = 2147483647;
			files = (
			);
			runOnlyForDeploymentPostprocessing = 0;
		};
		F2B56F9F1F2E316300FD6CCB /* Frameworks */ = {
			isa = PBXFrameworksBuildPhase;
			buildActionMask = 2147483647;
			files = (
			);
			runOnlyForDeploymentPostprocessing = 0;
		};
/* End PBXFrameworksBuildPhase section */

/* Begin PBXGroup section */
		F2B56F7A1F2E316200FD6CCB = {
			isa = PBXGroup;
			children = (
				F2B56F851F2E316200FD6CCB /* POSIT */,
				F2B56F9A1F2E316300FD6CCB /* POSITTests */,
				F2B56FA51F2E316300FD6CCB /* POSITUITests */,
				F2B56F841F2E316200FD6CCB /* Products */,
			);
			sourceTree = "<group>";
		};
		F2B56F841F2E316200FD6CCB /* Products */ = {
			isa = PBXGroup;
			children = (
				F2B56F831F2E316200FD6CCB /* POSIT.app */,
				F2B56F971F2E316300FD6CCB /* POSITTests.xctest */,
				F2B56FA21F2E316300FD6CCB /* POSITUITests.xctest */,
			);
			name = Products;
			sourceTree = "<group>";
		};
		F2B56F851F2E316200FD6CCB /* POSIT */ = {
			isa = PBXGroup;
			children = (
				F2B56F861F2E316200FD6CCB /* AppDelegate.swift */,
				F2B56F881F2E316200FD6CCB /* ViewController.swift */,
				F2B56F8A1F2E316200FD6CCB /* Main.storyboard */,
				F2B56F8D1F2E316200FD6CCB /* Assets.xcassets */,
				F2B56F8F1F2E316200FD6CCB /* LaunchScreen.storyboard */,
				F2B56F921F2E316200FD6CCB /* Info.plist */,
			);
			path = POSIT;
			sourceTree = "<group>";
		};
		F2B56F9A1F2E316300FD6CCB /* POSITTests */ = {
			isa = PBXGroup;
			children = (
				F2B56F9B1F2E316300FD6CCB /* POSITTests.swift */,
				F2B56F9D1F2E316300FD6CCB /* Info.plist */,
			);
			path = POSITTests;
			sourceTree = "<group>";
		};
		F2B56FA51F2E316300FD6CCB /* POSITUITests */ = {
			isa = PBXGroup;
			children = (
				F2B56FA61F2E316300FD6CCB /* POSITUITests.swift */,
				F2B56FA81F2E316300FD6CCB /* Info.plist */,
			);
			path = POSITUITests;
			sourceTree = "<group>";
		};
/* End PBXGroup section */

/* Begin PBXNativeTarget section */
		F2B56F821F2E316200FD6CCB /* POSIT */ = {
			isa = PBXNativeTarget;
			buildConfigurationList = F2B56FAB1F2E316300FD6CCB /* Build configuration list for PBXNativeTarget "POSIT" */;
			buildPhases = (
				F2B56F7F1F2E316200FD6CCB /* Sources */,
				F2B56F801F2E316200FD6CCB /* Frameworks */,
				F2B56F811F2E316200FD6CCB /* Resources */,
			);
			buildRules = (
			);
			dependencies = (
			);
			name = POSIT;
			productName = POSIT;
			productReference = F2B56F831F2E316200FD6CCB /* POSIT.app */;
			productType = "com.apple.product-type.application";
		};
		F2B56F961F2E316300FD6CCB /* POSITTests */ = {
			isa = PBXNativeTarget;
			buildConfigurationList = F2B56FAE1F2E316300FD6CCB /* Build configuration list for PBXNativeTarget "POSITTests" */;
			buildPhases = (
				F2B56F931F2E316300FD6CCB /* Sources */,
				F2B56F941F2E316300FD6CCB /* Frameworks */,
				F2B56F951F2E316300FD6CCB /* Resources */,
			);
			buildRules = (
			);
			dependencies = (
				F2B56F991F2E316300FD6CCB /* PBXTargetDependency */,
			);
			name = POSITTests;
			productName = POSITTests;
			productReference = F2B56F971F2E316300FD6CCB /* POSITTests.xctest */;
			productType = "com.apple.product-type.bundle.unit-test";
		};
		F2B56FA11F2E316300FD6CCB /* POSITUITests */ = {
			isa = PBXNativeTarget;
			buildConfigurationList = F2B56FB11F2E316300FD6CCB /* Build configuration list for PBXNativeTarget "POSITUITests" */;
			buildPhases = (
				F2B56F9E1F2E316300FD6CCB /* Sources */,
				F2B56F9F1F2E316300FD6CCB /* Frameworks */,
				F2B56FA01F2E316300FD6CCB /* Resources */,
			);
			buildRules = (
			);
			dependencies = (
				F2B56FA41F2E316300FD6CCB /* PBXTargetDependency */,
			);
			name = POSITUITests;
			productName = POSITUITests;
			productReference = F2B56FA21F2E316300FD6CCB /* POSITUITests.xctest */;
			productType = "com.apple.product-type.bundle.ui-testing";
		};
/* End PBXNativeTarget section */

/* Begin PBXProject section */
		F2B56F7B1F2E316200FD6CCB /* Project object */ = {
			isa = PBXProject;
			attributes = {
				LastSwiftUpdateCheck = 0830;
				LastUpgradeCheck = 0830;
				ORGANIZATIONNAME = "Raphael Reyes";
				TargetAttributes = {
					F2B56F821F2E316200FD6CCB = {
						CreatedOnToolsVersion = 8.3.3;
						ProvisioningStyle = Automatic;
					};
					F2B56F961F2E316300FD6CCB = {
						CreatedOnToolsVersion = 8.3.3;
						ProvisioningStyle = Automatic;
						TestTargetID = F2B56F821F2E316200FD6CCB;
					};
					F2B56FA11F2E316300FD6CCB = {
						CreatedOnToolsVersion = 8.3.3;
						ProvisioningStyle = Automatic;
						TestTargetID = F2B56F821F2E316200FD6CCB;
					};
				};
			};
			buildConfigurationList = F2B56F7E1F2E316200FD6CCB /* Build configuration list for PBXProject "POSIT" */;
			compatibilityVersion = "Xcode 3.2";
			developmentRegion = English;
			hasScannedForEncodings = 0;
			knownRegions = (
				en,
				Base,
			);
			mainGroup = F2B56F7A1F2E316200FD6CCB;
			productRefGroup = F2B56F841F2E316200FD6CCB /* Products */;
			projectDirPath = "";
			projectRoot = "";
			targets = (
				F2B56F821F2E316200FD6CCB /* POSIT */,
				F2B56F961F2E316300FD6CCB /* POSITTests */,
				F2B56FA11F2E316300FD6CCB /* POSITUITests */,
			);
		};
/* End PBXProject section */

/* Begin PBXResourcesBuildPhase section */
		F2B56F811F2E316200FD6CCB /* Resources */ = {
			isa = PBXResourcesBuildPhase;
			buildActionMask = 2147483647;
			files = (
				F2B56F911F2E316200FD6CCB /* LaunchScreen.storyboard in Resources */,
				F2B56F8E1F2E316200FD6CCB /* Assets.xcassets in Resources */,
				F2B56F8C1F2E316200FD6CCB /* Main.storyboard in Resources */,
			);
			runOnlyForDeploymentPostprocessing = 0;
		};
		F2B56F951F2E316300FD6CCB /* Resources */ = {
			isa = PBXResourcesBuildPhase;
			buildActionMask = 2147483647;
			files = (
			);
			runOnlyForDeploymentPostprocessing = 0;
		};
		F2B56FA01F2E316300FD6CCB /* Resources */ = {
			isa = PBXResourcesBuildPhase;
			buildActionMask = 2147483647;
			files = (
			);
			runOnlyForDeploymentPostprocessing = 0;
		};
/* End PBXResourcesBuildPhase section */

/* Begin PBXSourcesBuildPhase section */
		F2B56F7F1F2E316200FD6CCB /* Sources */ = {
			isa = PBXSourcesBuildPhase;
			buildActionMask = 2147483647;
			files = (
				F2B56F891F2E316200FD6CCB /* ViewController.swift in Sources */,
				F2B56F871F2E316200FD6CCB /* AppDelegate.swift in Sources */,
			);
			runOnlyForDeploymentPostprocessing = 0;
		};
		F2B56F931F2E316300FD6CCB /* Sources */ = {
			isa = PBXSourcesBuildPhase;
			buildActionMask = 2147483647;
			files = (
				F2B56F9C1F2E316300FD6CCB /* POSITTests.swift in Sources */,
			);
			runOnlyForDeploymentPostprocessing = 0;
		};
		F2B56F9E1F2E316300FD6CCB /* Sources */ = {
			isa = PBXSourcesBuildPhase;
			buildActionMask = 2147483647;
			files = (
				F2B56FA71F2E316300FD6CCB /* POSITUITests.swift in Sources */,
			);
			runOnlyForDeploymentPostprocessing = 0;
		};
/* End PBXSourcesBuildPhase section */

/* Begin PBXTargetDependency section */
		F2B56F991F2E316300FD6CCB /* PBXTargetDependency */ = {
			isa = PBXTargetDependency;
			target = F2B56F821F2E316200FD6CCB /* POSIT */;
			targetProxy = F2B56F981F2E316300FD6CCB /* PBXContainerItemProxy */;
		};
		F2B56FA41F2E316300FD6CCB /* PBXTargetDependency */ = {
			isa = PBXTargetDependency;
			target = F2B56F821F2E316200FD6CCB /* POSIT */;
			targetProxy = F2B56FA31F2E316300FD6CCB /* PBXContainerItemProxy */;
		};
/* End PBXTargetDependency section */

/* Begin PBXVariantGroup section */
		F2B56F8A1F2E316200FD6CCB /* Main.storyboard */ = {
			isa = PBXVariantGroup;
			children = (
				F2B56F8B1F2E316200FD6CCB /* Base */,
			);
			name = Main.storyboard;
			sourceTree = "<group>";
		};
		F2B56F8F1F2E316200FD6CCB /* LaunchScreen.storyboard */ = {
			isa = PBXVariantGroup;
			children = (
				F2B56F901F2E316200FD6CCB /* Base */,
			);
			name = LaunchScreen.storyboard;
			sourceTree = "<group>";
		};
/* End PBXVariantGroup section */

/* Begin XCBuildConfiguration section */
		F2B56FA91F2E316300FD6CCB /* Debug */ = {
			isa = XCBuildConfiguration;
			buildSettings = {
				ALWAYS_SEARCH_USER_PATHS = NO;
				CLANG_ANALYZER_NONNULL = YES;
				CLANG_ANALYZER_NUMBER_OBJECT_CONVERSION = YES_AGGRESSIVE;
				CLANG_CXX_LANGUAGE_STANDARD = "gnu++0x";
				CLANG_CXX_LIBRARY = "libc++";
				CLANG_ENABLE_MODULES = YES;
				CLANG_ENABLE_OBJC_ARC = YES;
				CLANG_WARN_BOOL_CONVERSION = YES;
				CLANG_WARN_CONSTANT_CONVERSION = YES;
				CLANG_WARN_DIRECT_OBJC_ISA_USAGE = YES_ERROR;
				CLANG_WARN_DOCUMENTATION_COMMENTS = YES;
				CLANG_WARN_EMPTY_BODY = YES;
				CLANG_WARN_ENUM_CONVERSION = YES;
				CLANG_WARN_INFINITE_RECURSION = YES;
				CLANG_WARN_INT_CONVERSION = YES;
				CLANG_WARN_OBJC_ROOT_CLASS = YES_ERROR;
				CLANG_WARN_SUSPICIOUS_MOVE = YES;
				CLANG_WARN_UNREACHABLE_CODE = YES;
				CLANG_WARN__DUPLICATE_METHOD_MATCH = YES;
				"CODE_SIGN_IDENTITY[sdk=iphoneos*]" = "iPhone Developer";
				COPY_PHASE_STRIP = NO;
				DEBUG_INFORMATION_FORMAT = dwarf;
				ENABLE_STRICT_OBJC_MSGSEND = YES;
				ENABLE_TESTABILITY = YES;
				GCC_C_LANGUAGE_STANDARD = gnu99;
				GCC_DYNAMIC_NO_PIC = NO;
				GCC_NO_COMMON_BLOCKS = YES;
				GCC_OPTIMIZATION_LEVEL = 0;
				GCC_PREPROCESSOR_DEFINITIONS = (
					"DEBUG=1",
					"$(inherited)",
				);
				GCC_WARN_64_TO_32_BIT_CONVERSION = YES;
				GCC_WARN_ABOUT_RETURN_TYPE = YES_ERROR;
				GCC_WARN_UNDECLARED_SELECTOR = YES;
				GCC_WARN_UNINITIALIZED_AUTOS = YES_AGGRESSIVE;
				GCC_WARN_UNUSED_FUNCTION = YES;
				GCC_WARN_UNUSED_VARIABLE = YES;
				IPHONEOS_DEPLOYMENT_TARGET = 10.3;
				MTL_ENABLE_DEBUG_INFO = YES;
				ONLY_ACTIVE_ARCH = YES;
				SDKROOT = iphoneos;
				SWIFT_ACTIVE_COMPILATION_CONDITIONS = DEBUG;
				SWIFT_OPTIMIZATION_LEVEL = "-Onone";
				TARGETED_DEVICE_FAMILY = 2;
			};
			name = Debug;
		};
		F2B56FAA1F2E316300FD6CCB /* Release */ = {
			isa = XCBuildConfiguration;
			buildSettings = {
				ALWAYS_SEARCH_USER_PATHS = NO;
				CLANG_ANALYZER_NONNULL = YES;
				CLANG_ANALYZER_NUMBER_OBJECT_CONVERSION = YES_AGGRESSIVE;
				CLANG_CXX_LANGUAGE_STANDARD = "gnu++0x";
				CLANG_CXX_LIBRARY = "libc++";
				CLANG_ENABLE_MODULES = YES;
				CLANG_ENABLE_OBJC_ARC = YES;
				CLANG_WARN_BOOL_CONVERSION = YES;
				CLANG_WARN_CONSTANT_CONVERSION = YES;
				CLANG_WARN_DIRECT_OBJC_ISA_USAGE = YES_ERROR;
				CLANG_WARN_DOCUMENTATION_COMMENTS = YES;
				CLANG_WARN_EMPTY_BODY = YES;
				CLANG_WARN_ENUM_CONVERSION = YES;
				CLANG_WARN_INFINITE_RECURSION = YES;
				CLANG_WARN_INT_CONVERSION = YES;
				CLANG_WARN_OBJC_ROOT_CLASS = YES_ERROR;
				CLANG_WARN_SUSPICIOUS_MOVE = YES;
				CLANG_WARN_UNREACHABLE_CODE = YES;
				CLANG_WARN__DUPLICATE_METHOD_MATCH = YES;
				"CODE_SIGN_IDENTITY[sdk=iphoneos*]" = "iPhone Developer";
				COPY_PHASE_STRIP = NO;
				DEBUG_INFORMATION_FORMAT = "dwarf-with-dsym";
				ENABLE_NS_ASSERTIONS = NO;
				ENABLE_STRICT_OBJC_MSGSEND = YES;
				GCC_C_LANGUAGE_STANDARD = gnu99;
				GCC_NO_COMMON_BLOCKS = YES;
				GCC_WARN_64_TO_32_BIT_CONVERSION = YES;
				GCC_WARN_ABOUT_RETURN_TYPE = YES_ERROR;
				GCC_WARN_UNDECLARED_SELECTOR = YES;
				GCC_WARN_UNINITIALIZED_AUTOS = YES_AGGRESSIVE;
				GCC_WARN_UNUSED_FUNCTION = YES;
				GCC_WARN_UNUSED_VARIABLE = YES;
				IPHONEOS_DEPLOYMENT_TARGET = 10.3;
				MTL_ENABLE_DEBUG_INFO = NO;
				SDKROOT = iphoneos;
				SWIFT_OPTIMIZATION_LEVEL = "-Owholemodule";
				TARGETED_DEVICE_FAMILY = 2;
				VALIDATE_PRODUCT = YES;
			};
			name = Release;
		};
		F2B56FAC1F2E316300FD6CCB /* Debug */ = {
			isa = XCBuildConfiguration;
			buildSettings = {
				ASSETCATALOG_COMPILER_APPICON_NAME = AppIcon;
				INFOPLIST_FILE = POSIT/Info.plist;
				LD_RUNPATH_SEARCH_PATHS = "$(inherited) @executable_path/Frameworks";
				PRODUCT_BUNDLE_IDENTIFIER = "Moluska-Systems.POSIT";
				PRODUCT_NAME = "$(TARGET_NAME)";
				SWIFT_VERSION = 3.0;
			};
			name = Debug;
		};
		F2B56FAD1F2E316300FD6CCB /* Release */ = {
			isa = XCBuildConfiguration;
			buildSettings = {
				ASSETCATALOG_COMPILER_APPICON_NAME = AppIcon;
				INFOPLIST_FILE = POSIT/Info.plist;
				LD_RUNPATH_SEARCH_PATHS = "$(inherited) @executable_path/Frameworks";
				PRODUCT_BUNDLE_IDENTIFIER = "Moluska-Systems.POSIT";
				PRODUCT_NAME = "$(TARGET_NAME)";
				SWIFT_VERSION = 3.0;
			};
			name = Release;
		};
		F2B56FAF1F2E316300FD6CCB /* Debug */ = {
			isa = XCBuildConfiguration;
			buildSettings = {
				ALWAYS_EMBED_SWIFT_STANDARD_LIBRARIES = YES;
				BUNDLE_LOADER = "$(TEST_HOST)";
				INFOPLIST_FILE = POSITTests/Info.plist;
				LD_RUNPATH_SEARCH_PATHS = "$(inherited) @executable_path/Frameworks @loader_path/Frameworks";
				PRODUCT_BUNDLE_IDENTIFIER = "Moluska-Systems.POSITTests";
				PRODUCT_NAME = "$(TARGET_NAME)";
				SWIFT_VERSION = 3.0;
				TEST_HOST = "$(BUILT_PRODUCTS_DIR)/POSIT.app/POSIT";
			};
			name = Debug;
		};
		F2B56FB01F2E316300FD6CCB /* Release */ = {
			isa = XCBuildConfiguration;
			buildSettings = {
				ALWAYS_EMBED_SWIFT_STANDARD_LIBRARIES = YES;
				BUNDLE_LOADER = "$(TEST_HOST)";
				INFOPLIST_FILE = POSITTests/Info.plist;
				LD_RUNPATH_SEARCH_PATHS = "$(inherited) @executable_path/Frameworks @loader_path/Frameworks";
				PRODUCT_BUNDLE_IDENTIFIER = "Moluska-Systems.POSITTests";
				PRODUCT_NAME = "$(TARGET_NAME)";
				SWIFT_VERSION = 3.0;
				TEST_HOST = "$(BUILT_PRODUCTS_DIR)/POSIT.app/POSIT";
			};
			name = Release;
		};
		F2B56FB21F2E316300FD6CCB /* Debug */ = {
			isa = XCBuildConfiguration;
			buildSettings = {
				ALWAYS_EMBED_SWIFT_STANDARD_LIBRARIES = YES;
				INFOPLIST_FILE = POSITUITests/Info.plist;
				LD_RUNPATH_SEARCH_PATHS = "$(inherited) @executable_path/Frameworks @loader_path/Frameworks";
				PRODUCT_BUNDLE_IDENTIFIER = "Moluska-Systems.POSITUITests";
				PRODUCT_NAME = "$(TARGET_NAME)";
				SWIFT_VERSION = 3.0;
				TEST_TARGET_NAME = POSIT;
			};
			name = Debug;
		};
		F2B56FB31F2E316300FD6CCB /* Release */ = {
			isa = XCBuildConfiguration;
			buildSettings = {
				ALWAYS_EMBED_SWIFT_STANDARD_LIBRARIES = YES;
				INFOPLIST_FILE = POSITUITests/Info.plist;
				LD_RUNPATH_SEARCH_PATHS = "$(inherited) @executable_path/Frameworks @loader_path/Frameworks";
				PRODUCT_BUNDLE_IDENTIFIER = "Moluska-Systems.POSITUITests";
				PRODUCT_NAME = "$(TARGET_NAME)";
				SWIFT_VERSION = 3.0;
				TEST_TARGET_NAME = POSIT;
			};
			name = Release;
		};
/* End XCBuildConfiguration section */

/* Begin XCConfigurationList section */
		F2B56F7E1F2E316200FD6CCB /* Build configuration list for PBXProject "POSIT" */ = {
			isa = XCConfigurationList;
			buildConfigurations = (
				F2B56FA91F2E316300FD6CCB /* Debug */,
				F2B56FAA1F2E316300FD6CCB /* Release */,
			);
			defaultConfigurationIsVisible = 0;
			defaultConfigurationName = Release;
		};
		F2B56FAB1F2E316300FD6CCB /* Build configuration list for PBXNativeTarget "POSIT" */ = {
			isa = XCConfigurationList;
			buildConfigurations = (
				F2B56FAC1F2E316300FD6CCB /* Debug */,
				F2B56FAD1F2E316300FD6CCB /* Release */,
			);
			defaultConfigurationIsVisible = 0;
		};
		F2B56FAE1F2E316300FD6CCB /* Build configuration list for PBXNativeTarget "POSITTests" */ = {
			isa = XCConfigurationList;
			buildConfigurations = (
				F2B56FAF1F2E316300FD6CCB /* Debug */,
				F2B56FB01F2E316300FD6CCB /* Release */,
			);
			defaultConfigurationIsVisible = 0;
		};
		F2B56FB11F2E316300FD6CCB /* Build configuration list for PBXNativeTarget "POSITUITests" */ = {
			isa = XCConfigurationList;
			buildConfigurations = (
				F2B56FB21F2E316300FD6CCB /* Debug */,
				F2B56FB31F2E316300FD6CCB /* Release */,
			);
			defaultConfigurationIsVisible = 0;
		};
/* End XCConfigurationList section */
	};
	rootObject = F2B56F7B1F2E316200FD6CCB /* Project object */;
}
